
Microsoft Visual Studio Solution File, Format Version 12.00
# Visual Studio Version 17
VisualStudioVersion = 17.6.33829.357
MinimumVisualStudioVersion = 10.0.40219.1
Project("{FAE04EC0-301F-11D3-BF4B-00C04F79EFBC}") = "LeetCode", "LeetCode.csproj", "{6CA70DD5-7293-47BE-A70C-65B51859C2ED}"
EndProject
Global
	GlobalSection(SolutionConfigurationPlatforms) = preSolution
		Debug|Any CPU = Debug|Any CPU
		Release|Any CPU = Release|Any CPU
	EndGlobalSection
	GlobalSection(ProjectConfigurationPlatforms) = postSolution
		{6CA70DD5-7293-47BE-A70C-65B51859C2ED}.Debug|Any CPU.ActiveCfg = Debug|Any CPU
		{6CA70DD5-7293-47BE-A70C-65B51859C2ED}.Debug|Any CPU.Build.0 = Debug|Any CPU
		{6CA70DD5-7293-47BE-A70C-65B51859C2ED}.Release|Any CPU.ActiveCfg = Release|Any CPU
		{6CA70DD5-7293-47BE-A70C-65B51859C2ED}.Release|Any CPU.Build.0 = Release|Any CPU
	EndGlobalSection
	GlobalSection(SolutionProperties) = preSolution
		HideSolutionNode = FALSE
	EndGlobalSection
	GlobalSection(ExtensibilityGlobals) = postSolution
		SolutionGuid = {3FAEF1EB-C503-4AED-8A33-B0B537569A8F}
	EndGlobalSection
EndGlobal
